<Solution>
  <Project Path="Unity.Mirror.CodeGen.csproj" />
  <Project Path="Edgegap.csproj" />
  <Project Path="Mirror.Components.csproj" />
  <Project Path="Mirror.Editor.csproj" />
<<<<<<< HEAD
  <Project Path="KinoBloom.Runtime.csproj" />
=======
>>>>>>> 7528c18dbaeaa1f91add03d29c58340d1da1c165
  <Project Path="Mirror.Examples.csproj" />
  <Project Path="kcp2k.csproj" />
  <Project Path="Mirror.csproj" />
  <Project Path="SimpleWebTransport.csproj" />
  <Project Path="Mirror.Authenticators.csproj" />
  <Project Path="Mirror.Transports.csproj" />
<<<<<<< HEAD
  <Project Path="EncryptionTransportEditor.csproj" />
  <Project Path="Telepathy.csproj" />
  <Project Path="Assembly-CSharp-Editor.csproj" />
  <Project Path="Assembly-CSharp.csproj" />
  <Project Path="CFXRRuntime.csproj" />
  <Project Path="CFXRDemo.csproj" />
  <Project Path="CFXREditor.csproj" />
  <Project Path="Mirror.CompilerSymbols.csproj" />
  <Project Path="CFXR.WelcomeScreen.csproj" />
  <Project Path="ToonyColorsPro.Demo.Editor.csproj" />
=======
  <Project Path="Assembly-CSharp.csproj" />
  <Project Path="EncryptionTransportEditor.csproj" />
  <Project Path="Telepathy.csproj" />
  <Project Path="Assembly-CSharp-Editor.csproj" />
  <Project Path="Mirror.CompilerSymbols.csproj" />
>>>>>>> 7528c18dbaeaa1f91add03d29c58340d1da1c165
</Solution>
